
Microsoft Visual Studio Solution File, Format Version 12.00
# Visual Studio Version 17
VisualStudioVersion = 17.1.32210.238
MinimumVisualStudioVersion = 10.0.40219.1
Project("{FAE04EC0-301F-11D3-BF4B-00C04F79EFBC}") = "05_06_2024", "05_06_2024\05_06_2024.csproj", "{598CDE93-DFF6-470D-BCFA-AA21C3A30480}"
EndProject
Project("{FAE04EC0-301F-11D3-BF4B-00C04F79EFBC}") = "Test", "Test\Test.csproj", "{2BCBFC6E-7ECA-40E2-8D04-AB25F948EFCB}"
EndProject
Global
	GlobalSection(SolutionConfigurationPlatforms) = preSolution
		Debug|Any CPU = Debug|Any CPU
		Release|Any CPU = Release|Any CPU
	EndGlobalSection
	GlobalSection(ProjectConfigurationPlatforms) = postSolution
		{598CDE93-DFF6-470D-BCFA-AA21C3A30480}.Debug|Any CPU.ActiveCfg = Debug|Any CPU
		{598CDE93-DFF6-470D-BCFA-AA21C3A30480}.Debug|Any CPU.Build.0 = Debug|Any CPU
		{598CDE93-DFF6-470D-BCFA-AA21C3A30480}.Release|Any CPU.ActiveCfg = Release|Any CPU
		{598CDE93-DFF6-470D-BCFA-AA21C3A30480}.Release|Any CPU.Build.0 = Release|Any CPU
		{2BCBFC6E-7ECA-40E2-8D04-AB25F948EFCB}.Debug|Any CPU.ActiveCfg = Debug|Any CPU
		{2BCBFC6E-7ECA-40E2-8D04-AB25F948EFCB}.Debug|Any CPU.Build.0 = Debug|Any CPU
		{2BCBFC6E-7ECA-40E2-8D04-AB25F948EFCB}.Release|Any CPU.ActiveCfg = Release|Any CPU
		{2BCBFC6E-7ECA-40E2-8D04-AB25F948EFCB}.Release|Any CPU.Build.0 = Release|Any CPU
	EndGlobalSection
	GlobalSection(SolutionProperties) = preSolution
		HideSolutionNode = FALSE
	EndGlobalSection
	GlobalSection(ExtensibilityGlobals) = postSolution
		SolutionGuid = {B9AE6CC2-9965-437C-A3AA-0AC9A6B2EE46}
	EndGlobalSection
EndGlobal
